{
    "_readme": [
        "This file locks the dependencies of your project to a known state",
        "Read more about it at https://getcomposer.org/doc/01-basic-usage.md#installing-dependencies",
        "This file is @generated automatically"
    ],
    "content-hash": "6e70c90e8b8d02a050f3c5c8e8178e95",
    "packages": [
        {
            "name": "cakephp/cache",
            "version": "3.10.1",
            "source": {
                "type": "git",
                "url": "https://github.com/cakephp/cache.git",
                "reference": "0e95a17b118d900f362de07bff902fa147e51fb2"
            },
            "dist": {
                "type": "zip",
                "url": "https://api.github.com/repos/cakephp/cache/zipball/0e95a17b118d900f362de07bff902fa147e51fb2",
                "reference": "0e95a17b118d900f362de07bff902fa147e51fb2",
                "shasum": ""
            },
            "require": {
                "cakephp/core": "^3.6.0",
                "php": ">=5.6.0,<8.0.0",
                "psr/simple-cache": "^1.0.0"
            },
            "type": "library",
            "autoload": {
                "psr-4": {
                    "Cake\\Cache\\": "."
                }
            },
            "notification-url": "https://packagist.org/downloads/",
            "license": [
                "MIT"
            ],
            "authors": [
                {
                    "name": "CakePHP Community",
                    "homepage": "https://github.com/cakephp/cache/graphs/contributors"
                }
            ],
            "description": "Easy to use Caching library with support for multiple caching backends",
            "homepage": "https://cakephp.org",
            "keywords": [
                "cache",
                "caching",
                "cakephp"
            ],
            "support": {
                "forum": "https://stackoverflow.com/tags/cakephp",
                "irc": "irc://irc.freenode.org/cakephp",
                "issues": "https://github.com/cakephp/cakephp/issues",
                "source": "https://github.com/cakephp/cache"
            },
            "time": "2021-06-20T01:13:19+00:00"
        },
        {
            "name": "cakephp/collection",
            "version": "3.10.1",
            "source": {
                "type": "git",
                "url": "https://github.com/cakephp/collection.git",
                "reference": "5667e755cfafe4b186f5f2a54121cf44cb86159e"
            },
            "dist": {
                "type": "zip",
                "url": "https://api.github.com/repos/cakephp/collection/zipball/5667e755cfafe4b186f5f2a54121cf44cb86159e",
                "reference": "5667e755cfafe4b186f5f2a54121cf44cb86159e",
                "shasum": ""
            },
            "require": {
                "php": ">=5.6.0,<8.0.0"
            },
            "type": "library",
            "autoload": {
                "files": [
                    "functions.php"
                ],
                "psr-4": {
                    "Cake\\Collection\\": "."
                }
            },
            "notification-url": "https://packagist.org/downloads/",
            "license": [
                "MIT"
            ],
            "authors": [
                {
                    "name": "CakePHP Community",
                    "homepage": "https://github.com/cakephp/collection/graphs/contributors"
                }
            ],
            "description": "Work easily with arrays and iterators by having a battery of utility traversal methods",
            "homepage": "https://cakephp.org",
            "keywords": [
                "arrays",
                "cakephp",
                "collections",
                "iterators"
            ],
            "support": {
                "forum": "https://stackoverflow.com/tags/cakephp",
                "irc": "irc://irc.freenode.org/cakephp",
                "issues": "https://github.com/cakephp/cakephp/issues",
                "source": "https://github.com/cakephp/collection"
            },
            "time": "2021-03-26T00:40:07+00:00"
        },
        {
            "name": "cakephp/core",
            "version": "3.10.1",
            "source": {
                "type": "git",
                "url": "https://github.com/cakephp/core.git",
                "reference": "716300a55ac86b7456e52258d3f50545545d2d6b"
            },
            "dist": {
                "type": "zip",
                "url": "https://api.github.com/repos/cakephp/core/zipball/716300a55ac86b7456e52258d3f50545545d2d6b",
                "reference": "716300a55ac86b7456e52258d3f50545545d2d6b",
                "shasum": ""
            },
            "require": {
                "cakephp/utility": "^3.6.0",
                "php": ">=5.6.0,<8.0.0"
            },
            "suggest": {
                "cakephp/cache": "To use Configure::store() and restore().",
                "cakephp/event": "To use PluginApplicationInterface or plugin applications."
            },
            "type": "library",
            "autoload": {
                "files": [
                    "functions.php"
                ],
                "psr-4": {
                    "Cake\\Core\\": "."
                }
            },
            "notification-url": "https://packagist.org/downloads/",
            "license": [
                "MIT"
            ],
            "authors": [
                {
                    "name": "CakePHP Community",
                    "homepage": "https://github.com/cakephp/core/graphs/contributors"
                }
            ],
            "description": "CakePHP Framework Core classes",
            "homepage": "https://cakephp.org",
            "keywords": [
                "cakephp",
                "core",
                "framework"
            ],
            "support": {
                "forum": "https://stackoverflow.com/tags/cakephp",
                "irc": "irc://irc.freenode.org/cakephp",
                "issues": "https://github.com/cakephp/cakephp/issues",
                "source": "https://github.com/cakephp/core"
            },
            "time": "2021-06-18T07:33:08+00:00"
        },
        {
            "name": "cakephp/database",
            "version": "3.10.1",
            "source": {
                "type": "git",
                "url": "https://github.com/cakephp/database.git",
                "reference": "e16dae97cfe00b1de9c210bd49f71ad5c2de199a"
            },
            "dist": {
                "type": "zip",
                "url": "https://api.github.com/repos/cakephp/database/zipball/e16dae97cfe00b1de9c210bd49f71ad5c2de199a",
                "reference": "e16dae97cfe00b1de9c210bd49f71ad5c2de199a",
                "shasum": ""
            },
            "require": {
                "cakephp/cache": "^3.6.0",
                "cakephp/core": "^3.6.0",
                "cakephp/datasource": "^3.6.0",
                "cakephp/log": "^3.6.0",
                "php": ">=5.6.0,<8.0.0"
            },
            "type": "library",
            "autoload": {
                "psr-4": {
                    "Cake\\Database\\": "."
                }
            },
            "notification-url": "https://packagist.org/downloads/",
            "license": [
                "MIT"
            ],
            "authors": [
                {
                    "name": "CakePHP Community",
                    "homepage": "https://github.com/cakephp/database/graphs/contributors"
                }
            ],
            "description": "Flexible and powerful Database abstraction library with a familiar PDO-like API",
            "homepage": "https://cakephp.org",
            "keywords": [
                "abstraction",
                "cakephp",
                "database",
                "database abstraction",
                "pdo"
            ],
            "support": {
                "forum": "https://stackoverflow.com/tags/cakephp",
                "irc": "irc://irc.freenode.org/cakephp",
                "issues": "https://github.com/cakephp/cakephp/issues",
                "source": "https://github.com/cakephp/database"
            },
            "time": "2021-10-23T07:22:45+00:00"
        },
        {
            "name": "cakephp/datasource",
            "version": "3.10.1",
            "source": {
                "type": "git",
                "url": "https://github.com/cakephp/datasource.git",
                "reference": "accbe0c85552f384e587d73abdba1618c604b54d"
            },
            "dist": {
                "type": "zip",
                "url": "https://api.github.com/repos/cakephp/datasource/zipball/accbe0c85552f384e587d73abdba1618c604b54d",
                "reference": "accbe0c85552f384e587d73abdba1618c604b54d",
                "shasum": ""
            },
            "require": {
                "cakephp/core": "^3.6.0",
                "php": ">=5.6.0,<8.0.0"
            },
            "suggest": {
                "cakephp/cache": "If you decide to use Query caching.",
                "cakephp/collection": "If you decide to use ResultSetInterface.",
                "cakephp/utility": "If you decide to use EntityTrait."
            },
            "type": "library",
            "autoload": {
                "psr-4": {
                    "Cake\\Datasource\\": "."
                }
            },
            "notification-url": "https://packagist.org/downloads/",
            "license": [
                "MIT"
            ],
            "authors": [
                {
                    "name": "CakePHP Community",
                    "homepage": "https://github.com/cakephp/datasource/graphs/contributors"
                }
            ],
            "description": "Provides connection managing and traits for Entities and Queries that can be reused for different datastores",
            "homepage": "https://cakephp.org",
            "keywords": [
                "cakephp",
                "connection management",
                "datasource",
                "entity",
                "query"
            ],
            "support": {
                "forum": "https://stackoverflow.com/tags/cakephp",
                "irc": "irc://irc.freenode.org/cakephp",
                "issues": "https://github.com/cakephp/cakephp/issues",
                "source": "https://github.com/cakephp/datasource"
            },
            "time": "2021-04-07T13:23:38+00:00"
        },
        {
            "name": "cakephp/log",
            "version": "3.10.1",
            "source": {
                "type": "git",
                "url": "https://github.com/cakephp/log.git",
                "reference": "cf10bdcce4e78430a780edb2cc5b4b2b4719a65d"
            },
            "dist": {
                "type": "zip",
                "url": "https://api.github.com/repos/cakephp/log/zipball/cf10bdcce4e78430a780edb2cc5b4b2b4719a65d",
                "reference": "cf10bdcce4e78430a780edb2cc5b4b2b4719a65d",
                "shasum": ""
            },
            "require": {
                "cakephp/core": "^3.6.0",
                "php": ">=5.6.0,<8.0.0",
                "psr/log": "^1.0.0"
            },
            "type": "library",
            "autoload": {
                "psr-4": {
                    "Cake\\Log\\": "."
                }
            },
            "notification-url": "https://packagist.org/downloads/",
            "license": [
                "MIT"
            ],
            "authors": [
                {
                    "name": "CakePHP Community",
                    "homepage": "https://github.com/cakephp/log/graphs/contributors"
                }
            ],
            "description": "CakePHP logging library with support for multiple different streams",
            "homepage": "https://cakephp.org",
            "keywords": [
                "Streams",
                "cakephp",
                "log",
                "logging"
            ],
            "support": {
                "forum": "https://stackoverflow.com/tags/cakephp",
                "irc": "irc://irc.freenode.org/cakephp",
                "issues": "https://github.com/cakephp/cakephp/issues",
                "source": "https://github.com/cakephp/log"
            },
            "time": "2020-10-28T18:13:14+00:00"
        },
        {
            "name": "cakephp/utility",
            "version": "3.10.1",
            "source": {
                "type": "git",
                "url": "https://github.com/cakephp/utility.git",
                "reference": "51b0af31af3239f6141006bbd7cbc7b16aba40d6"
            },
            "dist": {
                "type": "zip",
                "url": "https://api.github.com/repos/cakephp/utility/zipball/51b0af31af3239f6141006bbd7cbc7b16aba40d6",
                "reference": "51b0af31af3239f6141006bbd7cbc7b16aba40d6",
                "shasum": ""
            },
            "require": {
                "cakephp/core": "^3.6.0",
                "php": ">=5.6.0,<8.0.0"
            },
            "suggest": {
                "ext-intl": "To use Text::transliterate() or Text::slug()",
                "lib-ICU": "To use Text::transliterate() or Text::slug()"
            },
            "type": "library",
            "autoload": {
                "files": [
                    "bootstrap.php"
                ],
                "psr-4": {
                    "Cake\\Utility\\": "."
                }
            },
            "notification-url": "https://packagist.org/downloads/",
            "license": [
                "MIT"
            ],
            "authors": [
                {
                    "name": "CakePHP Community",
                    "homepage": "https://github.com/cakephp/utility/graphs/contributors"
                }
            ],
            "description": "CakePHP Utility classes such as Inflector, String, Hash, and Security",
            "homepage": "https://cakephp.org",
            "keywords": [
                "cakephp",
                "hash",
                "inflector",
                "security",
                "string",
                "utility"
            ],
            "support": {
                "forum": "https://stackoverflow.com/tags/cakephp",
                "irc": "irc://irc.freenode.org/cakephp",
                "issues": "https://github.com/cakephp/cakephp/issues",
                "source": "https://github.com/cakephp/utility"
            },
            "time": "2020-12-09T02:43:02+00:00"
        },
        {
            "name": "catfan/medoo",
            "version": "v1.7.5",
            "source": {
                "type": "git",
                "url": "https://github.com/catfan/Medoo.git",
                "reference": "3b28d9469fd3f6f6e9c1106ec4342111ab2b50c4"
            },
            "dist": {
                "type": "zip",
                "url": "https://api.github.com/repos/catfan/Medoo/zipball/3b28d9469fd3f6f6e9c1106ec4342111ab2b50c4",
                "reference": "3b28d9469fd3f6f6e9c1106ec4342111ab2b50c4",
                "shasum": ""
            },
            "require": {
                "ext-pdo": "*",
                "php": ">=5.4"
            },
            "suggest": {
                "ext-pdo_dblib": "For MSSQL or Sybase database on Linux/UNIX platform",
                "ext-pdo_mysql": "For MySQL or MariaDB database",
                "ext-pdo_oci": "For Oracle database",
                "ext-pdo_oci8": "For Oracle version 8 database",
                "ext-pdo_pqsql": "For PostgreSQL database",
                "ext-pdo_sqlite": "For SQLite database",
                "ext-pdo_sqlsrv": "For MSSQL database on both Window/Liunx platform"
            },
            "type": "framework",
            "autoload": {
                "psr-4": {
                    "Medoo\\": "/src"
                }
            },
            "notification-url": "https://packagist.org/downloads/",
            "license": [
                "MIT"
            ],
            "authors": [
                {
                    "name": "Angel Lai",
                    "email": "angel@catfan.me"
                }
            ],
            "description": "The lightweight PHP database framework to accelerate development",
            "homepage": "https://medoo.in",
            "keywords": [
                "database",
                "database library",
                "lightweight",
                "mariadb",
                "mssql",
                "mysql",
                "oracle",
                "php framework",
                "postgresql",
                "sql",
                "sqlite"
            ],
            "support": {
                "issues": "https://github.com/catfan/Medoo/issues",
                "source": "https://github.com/catfan/Medoo"
            },
            "time": "2019-10-12T13:13:11+00:00"
        },
        {
            "name": "onix-systems/framework",
            "version": "v1.5.3",
            "source": {
                "type": "git",
                "url": "https://github.com/Onix-Systems/SimplelightCore.git",
                "reference": "802660b25447513060199751edb6b1df85191df0"
            },
            "dist": {
                "type": "zip",
                "url": "https://api.github.com/repos/Onix-Systems/SimplelightCore/zipball/802660b25447513060199751edb6b1df85191df0",
                "reference": "802660b25447513060199751edb6b1df85191df0",
                "shasum": ""
            },
            "require": {
                "php": ">=5.3.0"
            },
            "type": "framework",
            "autoload": {
                "psr-0": {
                    "framework": "framework.php"
                }
            },
            "notification-url": "https://packagist.org/downloads/",
            "description": "Small framework",
            "support": {
                "issues": "https://github.com/Onix-Systems/SimplelightCore/issues",
                "source": "https://github.com/Onix-Systems/SimplelightCore/tree/v1.5.3"
            },
            "time": "2022-04-13T09:55:54+00:00"
        },
        {
            "name": "psr/log",
            "version": "1.1.4",
            "source": {
                "type": "git",
                "url": "https://github.com/php-fig/log.git",
                "reference": "d49695b909c3b7628b6289db5479a1c204601f11"
            },
            "dist": {
                "type": "zip",
                "url": "https://api.github.com/repos/php-fig/log/zipball/d49695b909c3b7628b6289db5479a1c204601f11",
                "reference": "d49695b909c3b7628b6289db5479a1c204601f11",
                "shasum": ""
            },
            "require": {
                "php": ">=5.3.0"
            },
            "type": "library",
            "extra": {
                "branch-alias": {
                    "dev-master": "1.1.x-dev"
                }
            },
            "autoload": {
                "psr-4": {
                    "Psr\\Log\\": "Psr/Log/"
                }
            },
            "notification-url": "https://packagist.org/downloads/",
            "license": [
                "MIT"
            ],
            "authors": [
                {
                    "name": "PHP-FIG",
                    "homepage": "https://www.php-fig.org/"
                }
            ],
            "description": "Common interface for logging libraries",
            "homepage": "https://github.com/php-fig/log",
            "keywords": [
                "log",
                "psr",
                "psr-3"
            ],
            "support": {
                "source": "https://github.com/php-fig/log/tree/1.1.4"
            },
            "time": "2021-05-03T11:20:27+00:00"
        },
        {
            "name": "psr/simple-cache",
            "version": "1.0.1",
            "source": {
                "type": "git",
                "url": "https://github.com/php-fig/simple-cache.git",
                "reference": "408d5eafb83c57f6365a3ca330ff23aa4a5fa39b"
            },
            "dist": {
                "type": "zip",
                "url": "https://api.github.com/repos/php-fig/simple-cache/zipball/408d5eafb83c57f6365a3ca330ff23aa4a5fa39b",
                "reference": "408d5eafb83c57f6365a3ca330ff23aa4a5fa39b",
                "shasum": ""
            },
            "require": {
                "php": ">=5.3.0"
            },
            "type": "library",
            "extra": {
                "branch-alias": {
                    "dev-master": "1.0.x-dev"
                }
            },
            "autoload": {
                "psr-4": {
                    "Psr\\SimpleCache\\": "src/"
                }
            },
            "notification-url": "https://packagist.org/downloads/",
            "license": [
                "MIT"
            ],
            "authors": [
                {
                    "name": "PHP-FIG",
                    "homepage": "http://www.php-fig.org/"
                }
            ],
            "description": "Common interfaces for simple caching",
            "keywords": [
                "cache",
                "caching",
                "psr",
                "psr-16",
                "simple-cache"
            ],
            "support": {
                "source": "https://github.com/php-fig/simple-cache/tree/master"
            },
            "time": "2017-10-23T01:57:42+00:00"
        },
        {
            "name": "robmorgan/phinx",
            "version": "0.11.7",
            "source": {
                "type": "git",
                "url": "https://github.com/cakephp/phinx.git",
                "reference": "3cdde73e0c33c410e076108b3e1603fabb5b330d"
            },
            "dist": {
                "type": "zip",
                "url": "https://api.github.com/repos/cakephp/phinx/zipball/3cdde73e0c33c410e076108b3e1603fabb5b330d",
                "reference": "3cdde73e0c33c410e076108b3e1603fabb5b330d",
                "shasum": ""
            },
            "require": {
                "cakephp/collection": "^3.7",
                "cakephp/database": "^3.7",
                "php": ">=5.6",
                "symfony/config": "^3.4|^4.0|^5.0",
                "symfony/console": "^3.4|^4.0|^5.0",
                "symfony/yaml": "^3.4|^4.0|^5.0"
            },
            "require-dev": {
                "cakephp/cakephp-codesniffer": "^3.0",
                "ext-json": "*",
                "phpunit/phpunit": ">=5.7,<8.0",
                "sebastian/comparator": ">=1.2.3"
            },
            "suggest": {
                "ext-json": "Install if using JSON configuration format",
                "symfony/yaml": "Install if using YAML configuration format"
            },
            "bin": [
                "bin/phinx"
            ],
            "type": "library",
            "autoload": {
                "psr-4": {
                    "Phinx\\": "src/Phinx/"
                }
            },
            "notification-url": "https://packagist.org/downloads/",
            "license": [
                "MIT"
            ],
            "authors": [
                {
                    "name": "Rob Morgan",
                    "email": "robbym@gmail.com",
                    "homepage": "https://robmorgan.id.au",
                    "role": "Lead Developer"
                },
                {
                    "name": "Woody Gilk",
                    "email": "woody.gilk@gmail.com",
                    "homepage": "https://shadowhand.me",
                    "role": "Developer"
                },
                {
                    "name": "Richard Quadling",
                    "email": "rquadling@gmail.com",
                    "role": "Developer"
                },
                {
                    "name": "CakePHP Community",
                    "homepage": "https://github.com/cakephp/phinx/graphs/contributors",
                    "role": "Developer"
                }
            ],
            "description": "Phinx makes it ridiculously easy to manage the database migrations for your PHP app.",
            "homepage": "https://phinx.org",
            "keywords": [
                "database",
                "database migrations",
                "db",
                "migrations",
                "phinx"
            ],
            "support": {
                "issues": "https://github.com/cakephp/phinx/issues",
                "source": "https://github.com/cakephp/phinx/tree/0.11.7"
            },
            "time": "2020-05-09T13:59:05+00:00"
        },
        {
            "name": "smarty/smarty",
            "version": "v3.1.47",
            "source": {
                "type": "git",
                "url": "https://github.com/smarty-php/smarty.git",
                "reference": "a09364fe1706cb465e910eb040e592053d7effb8"
            },
            "dist": {
                "type": "zip",
                "url": "https://api.github.com/repos/smarty-php/smarty/zipball/a09364fe1706cb465e910eb040e592053d7effb8",
                "reference": "a09364fe1706cb465e910eb040e592053d7effb8",
                "shasum": ""
            },
            "require": {
                "php": "^5.2 || ^7.0"
            },
            "require-dev": {
                "phpunit/phpunit": "^7.5 || ^6.5 || ^5.7 || ^4.8",
                "smarty/smarty-lexer": "^3.1"
            },
            "type": "library",
            "extra": {
                "branch-alias": {
                    "dev-master": "3.1.x-dev"
                }
            },
            "autoload": {
                "classmap": [
                    "libs/"
                ]
            },
            "notification-url": "https://packagist.org/downloads/",
            "license": [
                "LGPL-3.0"
            ],
            "authors": [
                {
                    "name": "Monte Ohrt",
                    "email": "monte@ohrt.com"
                },
                {
                    "name": "Uwe Tews",
                    "email": "uwe.tews@googlemail.com"
                },
                {
                    "name": "Rodney Rehm",
                    "email": "rodney.rehm@medialize.de"
                }
            ],
            "description": "Smarty - the compiling PHP template engine",
            "homepage": "http://www.smarty.net",
            "keywords": [
                "templating"
            ],
            "support": {
                "forum": "http://www.smarty.net/forums/",
                "irc": "irc://irc.freenode.org/smarty",
                "issues": "https://github.com/smarty-php/smarty/issues",
                "source": "https://github.com/smarty-php/smarty/tree/v3.1.47"
            },
            "time": "2022-09-14T11:29:00+00:00"
        },
        {
            "name": "symfony/config",
            "version": "v3.4.47",
            "source": {
                "type": "git",
                "url": "https://github.com/symfony/config.git",
                "reference": "bc6b3fd3930d4b53a60b42fe2ed6fc466b75f03f"
            },
            "dist": {
                "type": "zip",
                "url": "https://api.github.com/repos/symfony/config/zipball/bc6b3fd3930d4b53a60b42fe2ed6fc466b75f03f",
                "reference": "bc6b3fd3930d4b53a60b42fe2ed6fc466b75f03f",
                "shasum": ""
            },
            "require": {
                "php": "^5.5.9|>=7.0.8",
                "symfony/filesystem": "~2.8|~3.0|~4.0",
                "symfony/polyfill-ctype": "~1.8"
            },
            "conflict": {
                "symfony/dependency-injection": "<3.3",
                "symfony/finder": "<3.3"
            },
            "require-dev": {
                "symfony/dependency-injection": "~3.3|~4.0",
                "symfony/event-dispatcher": "~3.3|~4.0",
                "symfony/finder": "~3.3|~4.0",
                "symfony/yaml": "~3.0|~4.0"
            },
            "suggest": {
                "symfony/yaml": "To use the yaml reference dumper"
            },
            "type": "library",
            "autoload": {
                "psr-4": {
                    "Symfony\\Component\\Config\\": ""
                },
                "exclude-from-classmap": [
                    "/Tests/"
                ]
            },
            "notification-url": "https://packagist.org/downloads/",
            "license": [
                "MIT"
            ],
            "authors": [
                {
                    "name": "Fabien Potencier",
                    "email": "fabien@symfony.com"
                },
                {
                    "name": "Symfony Community",
                    "homepage": "https://symfony.com/contributors"
                }
            ],
            "description": "Symfony Config Component",
            "homepage": "https://symfony.com",
            "support": {
                "source": "https://github.com/symfony/config/tree/v3.4.47"
            },
            "funding": [
                {
                    "url": "https://symfony.com/sponsor",
                    "type": "custom"
                },
                {
                    "url": "https://github.com/fabpot",
                    "type": "github"
                },
                {
                    "url": "https://tidelift.com/funding/github/packagist/symfony/symfony",
                    "type": "tidelift"
                }
            ],
            "time": "2020-10-24T10:57:07+00:00"
        },
        {
            "name": "symfony/console",
            "version": "v3.4.47",
            "source": {
                "type": "git",
                "url": "https://github.com/symfony/console.git",
                "reference": "a10b1da6fc93080c180bba7219b5ff5b7518fe81"
            },
            "dist": {
                "type": "zip",
                "url": "https://api.github.com/repos/symfony/console/zipball/a10b1da6fc93080c180bba7219b5ff5b7518fe81",
                "reference": "a10b1da6fc93080c180bba7219b5ff5b7518fe81",
                "shasum": ""
            },
            "require": {
                "php": "^5.5.9|>=7.0.8",
                "symfony/debug": "~2.8|~3.0|~4.0",
                "symfony/polyfill-mbstring": "~1.0"
            },
            "conflict": {
                "symfony/dependency-injection": "<3.4",
                "symfony/process": "<3.3"
            },
            "provide": {
                "psr/log-implementation": "1.0"
            },
            "require-dev": {
                "psr/log": "~1.0",
                "symfony/config": "~3.3|~4.0",
                "symfony/dependency-injection": "~3.4|~4.0",
                "symfony/event-dispatcher": "~2.8|~3.0|~4.0",
                "symfony/lock": "~3.4|~4.0",
                "symfony/process": "~3.3|~4.0"
            },
            "suggest": {
                "psr/log": "For using the console logger",
                "symfony/event-dispatcher": "",
                "symfony/lock": "",
                "symfony/process": ""
            },
            "type": "library",
            "autoload": {
                "psr-4": {
                    "Symfony\\Component\\Console\\": ""
                },
                "exclude-from-classmap": [
                    "/Tests/"
                ]
            },
            "notification-url": "https://packagist.org/downloads/",
            "license": [
                "MIT"
            ],
            "authors": [
                {
                    "name": "Fabien Potencier",
                    "email": "fabien@symfony.com"
                },
                {
                    "name": "Symfony Community",
                    "homepage": "https://symfony.com/contributors"
                }
            ],
            "description": "Symfony Console Component",
            "homepage": "https://symfony.com",
            "support": {
                "source": "https://github.com/symfony/console/tree/v3.4.47"
            },
            "funding": [
                {
                    "url": "https://symfony.com/sponsor",
                    "type": "custom"
                },
                {
                    "url": "https://github.com/fabpot",
                    "type": "github"
                },
                {
                    "url": "https://tidelift.com/funding/github/packagist/symfony/symfony",
                    "type": "tidelift"
                }
            ],
            "time": "2020-10-24T10:57:07+00:00"
        },
        {
            "name": "symfony/debug",
            "version": "v3.4.47",
            "source": {
                "type": "git",
                "url": "https://github.com/symfony/debug.git",
                "reference": "ab42889de57fdfcfcc0759ab102e2fd4ea72dcae"
            },
            "dist": {
                "type": "zip",
                "url": "https://api.github.com/repos/symfony/debug/zipball/ab42889de57fdfcfcc0759ab102e2fd4ea72dcae",
                "reference": "ab42889de57fdfcfcc0759ab102e2fd4ea72dcae",
                "shasum": ""
            },
            "require": {
                "php": "^5.5.9|>=7.0.8",
                "psr/log": "~1.0"
            },
            "conflict": {
                "symfony/http-kernel": ">=2.3,<2.3.24|~2.4.0|>=2.5,<2.5.9|>=2.6,<2.6.2"
            },
            "require-dev": {
                "symfony/http-kernel": "~2.8|~3.0|~4.0"
            },
            "type": "library",
            "autoload": {
                "psr-4": {
                    "Symfony\\Component\\Debug\\": ""
                },
                "exclude-from-classmap": [
                    "/Tests/"
                ]
            },
            "notification-url": "https://packagist.org/downloads/",
            "license": [
                "MIT"
            ],
            "authors": [
                {
                    "name": "Fabien Potencier",
                    "email": "fabien@symfony.com"
                },
                {
                    "name": "Symfony Community",
                    "homepage": "https://symfony.com/contributors"
                }
            ],
            "description": "Symfony Debug Component",
            "homepage": "https://symfony.com",
            "support": {
                "source": "https://github.com/symfony/debug/tree/v3.4.47"
            },
            "funding": [
                {
                    "url": "https://symfony.com/sponsor",
                    "type": "custom"
                },
                {
                    "url": "https://github.com/fabpot",
                    "type": "github"
                },
                {
                    "url": "https://tidelift.com/funding/github/packagist/symfony/symfony",
                    "type": "tidelift"
                }
            ],
            "time": "2020-10-24T10:57:07+00:00"
        },
        {
            "name": "symfony/filesystem",
            "version": "v3.4.47",
            "source": {
                "type": "git",
                "url": "https://github.com/symfony/filesystem.git",
                "reference": "e58d7841cddfed6e846829040dca2cca0ebbbbb3"
            },
            "dist": {
                "type": "zip",
                "url": "https://api.github.com/repos/symfony/filesystem/zipball/e58d7841cddfed6e846829040dca2cca0ebbbbb3",
                "reference": "e58d7841cddfed6e846829040dca2cca0ebbbbb3",
                "shasum": ""
            },
            "require": {
                "php": "^5.5.9|>=7.0.8",
                "symfony/polyfill-ctype": "~1.8"
            },
            "type": "library",
            "autoload": {
                "psr-4": {
                    "Symfony\\Component\\Filesystem\\": ""
                },
                "exclude-from-classmap": [
                    "/Tests/"
                ]
            },
            "notification-url": "https://packagist.org/downloads/",
            "license": [
                "MIT"
            ],
            "authors": [
                {
                    "name": "Fabien Potencier",
                    "email": "fabien@symfony.com"
                },
                {
                    "name": "Symfony Community",
                    "homepage": "https://symfony.com/contributors"
                }
            ],
            "description": "Symfony Filesystem Component",
            "homepage": "https://symfony.com",
            "support": {
                "source": "https://github.com/symfony/filesystem/tree/v3.4.47"
            },
            "funding": [
                {
                    "url": "https://symfony.com/sponsor",
                    "type": "custom"
                },
                {
                    "url": "https://github.com/fabpot",
                    "type": "github"
                },
                {
                    "url": "https://tidelift.com/funding/github/packagist/symfony/symfony",
                    "type": "tidelift"
                }
            ],
            "time": "2020-10-24T10:57:07+00:00"
        },
        {
            "name": "symfony/polyfill-ctype",
            "version": "v1.19.0",
            "source": {
                "type": "git",
                "url": "https://github.com/symfony/polyfill-ctype.git",
                "reference": "aed596913b70fae57be53d86faa2e9ef85a2297b"
            },
            "dist": {
                "type": "zip",
                "url": "https://api.github.com/repos/symfony/polyfill-ctype/zipball/aed596913b70fae57be53d86faa2e9ef85a2297b",
                "reference": "aed596913b70fae57be53d86faa2e9ef85a2297b",
                "shasum": ""
            },
            "require": {
                "php": ">=5.3.3"
            },
            "suggest": {
                "ext-ctype": "For best performance"
            },
            "type": "library",
            "extra": {
                "branch-alias": {
                    "dev-main": "1.19-dev"
                },
                "thanks": {
                    "name": "symfony/polyfill",
                    "url": "https://github.com/symfony/polyfill"
                }
            },
            "autoload": {
                "files": [
                    "bootstrap.php"
                ],
                "psr-4": {
                    "Symfony\\Polyfill\\Ctype\\": ""
                }
            },
            "notification-url": "https://packagist.org/downloads/",
            "license": [
                "MIT"
            ],
            "authors": [
                {
                    "name": "Gert de Pagter",
                    "email": "BackEndTea@gmail.com"
                },
                {
                    "name": "Symfony Community",
                    "homepage": "https://symfony.com/contributors"
                }
            ],
            "description": "Symfony polyfill for ctype functions",
            "homepage": "https://symfony.com",
            "keywords": [
                "compatibility",
                "ctype",
                "polyfill",
                "portable"
            ],
            "support": {
                "source": "https://github.com/symfony/polyfill-ctype/tree/v1.19.0"
            },
            "funding": [
                {
                    "url": "https://symfony.com/sponsor",
                    "type": "custom"
                },
                {
                    "url": "https://github.com/fabpot",
                    "type": "github"
                },
                {
                    "url": "https://tidelift.com/funding/github/packagist/symfony/symfony",
                    "type": "tidelift"
                }
            ],
            "time": "2020-10-23T09:01:57+00:00"
        },
        {
            "name": "symfony/polyfill-mbstring",
            "version": "v1.19.0",
            "source": {
                "type": "git",
                "url": "https://github.com/symfony/polyfill-mbstring.git",
                "reference": "b5f7b932ee6fa802fc792eabd77c4c88084517ce"
            },
            "dist": {
                "type": "zip",
                "url": "https://api.github.com/repos/symfony/polyfill-mbstring/zipball/b5f7b932ee6fa802fc792eabd77c4c88084517ce",
                "reference": "b5f7b932ee6fa802fc792eabd77c4c88084517ce",
                "shasum": ""
            },
            "require": {
                "php": ">=5.3.3"
            },
            "suggest": {
                "ext-mbstring": "For best performance"
            },
            "type": "library",
            "extra": {
                "branch-alias": {
                    "dev-main": "1.19-dev"
                },
                "thanks": {
                    "name": "symfony/polyfill",
                    "url": "https://github.com/symfony/polyfill"
                }
            },
            "autoload": {
                "files": [
                    "bootstrap.php"
                ],
                "psr-4": {
                    "Symfony\\Polyfill\\Mbstring\\": ""
                }
            },
            "notification-url": "https://packagist.org/downloads/",
            "license": [
                "MIT"
            ],
            "authors": [
                {
                    "name": "Nicolas Grekas",
                    "email": "p@tchwork.com"
                },
                {
                    "name": "Symfony Community",
                    "homepage": "https://symfony.com/contributors"
                }
            ],
            "description": "Symfony polyfill for the Mbstring extension",
            "homepage": "https://symfony.com",
            "keywords": [
                "compatibility",
                "mbstring",
                "polyfill",
                "portable",
                "shim"
            ],
            "support": {
                "source": "https://github.com/symfony/polyfill-mbstring/tree/v1.19.0"
            },
            "funding": [
                {
                    "url": "https://symfony.com/sponsor",
                    "type": "custom"
                },
                {
                    "url": "https://github.com/fabpot",
                    "type": "github"
                },
                {
                    "url": "https://tidelift.com/funding/github/packagist/symfony/symfony",
                    "type": "tidelift"
                }
            ],
            "time": "2020-10-23T09:01:57+00:00"
        },
        {
            "name": "symfony/yaml",
            "version": "v3.4.47",
            "source": {
                "type": "git",
                "url": "https://github.com/symfony/yaml.git",
                "reference": "88289caa3c166321883f67fe5130188ebbb47094"
            },
            "dist": {
                "type": "zip",
                "url": "https://api.github.com/repos/symfony/yaml/zipball/88289caa3c166321883f67fe5130188ebbb47094",
                "reference": "88289caa3c166321883f67fe5130188ebbb47094",
                "shasum": ""
            },
            "require": {
                "php": "^5.5.9|>=7.0.8",
                "symfony/polyfill-ctype": "~1.8"
            },
            "conflict": {
                "symfony/console": "<3.4"
            },
            "require-dev": {
                "symfony/console": "~3.4|~4.0"
            },
            "suggest": {
                "symfony/console": "For validating YAML files using the lint command"
            },
            "type": "library",
            "autoload": {
                "psr-4": {
                    "Symfony\\Component\\Yaml\\": ""
                },
                "exclude-from-classmap": [
                    "/Tests/"
                ]
            },
            "notification-url": "https://packagist.org/downloads/",
            "license": [
                "MIT"
            ],
            "authors": [
                {
                    "name": "Fabien Potencier",
                    "email": "fabien@symfony.com"
                },
                {
                    "name": "Symfony Community",
                    "homepage": "https://symfony.com/contributors"
                }
            ],
            "description": "Symfony Yaml Component",
            "homepage": "https://symfony.com",
            "support": {
                "source": "https://github.com/symfony/yaml/tree/v3.4.47"
            },
            "funding": [
                {
                    "url": "https://symfony.com/sponsor",
                    "type": "custom"
                },
                {
                    "url": "https://github.com/fabpot",
                    "type": "github"
                },
                {
                    "url": "https://tidelift.com/funding/github/packagist/symfony/symfony",
                    "type": "tidelift"
                }
            ],
            "time": "2020-10-24T10:57:07+00:00"
        },
        {
            "name": "twig/twig",
            "version": "v1.42.5",
            "source": {
                "type": "git",
                "url": "https://github.com/twigphp/Twig.git",
                "reference": "87b2ea9d8f6fd014d0621ca089bb1b3769ea3f8e"
            },
            "dist": {
                "type": "zip",
                "url": "https://api.github.com/repos/twigphp/Twig/zipball/87b2ea9d8f6fd014d0621ca089bb1b3769ea3f8e",
                "reference": "87b2ea9d8f6fd014d0621ca089bb1b3769ea3f8e",
                "shasum": ""
            },
            "require": {
                "php": ">=5.5.0",
                "symfony/polyfill-ctype": "^1.8"
            },
            "require-dev": {
                "psr/container": "^1.0",
                "symfony/phpunit-bridge": "^4.4|^5.0"
            },
            "type": "library",
            "extra": {
                "branch-alias": {
                    "dev-master": "1.42-dev"
                }
            },
            "autoload": {
                "psr-0": {
                    "Twig_": "lib/"
                },
                "psr-4": {
                    "Twig\\": "src/"
                }
            },
            "notification-url": "https://packagist.org/downloads/",
            "license": [
                "BSD-3-Clause"
            ],
            "authors": [
                {
                    "name": "Fabien Potencier",
                    "email": "fabien@symfony.com",
                    "homepage": "http://fabien.potencier.org",
                    "role": "Lead Developer"
                },
                {
                    "name": "Twig Team",
                    "role": "Contributors"
                },
                {
                    "name": "Armin Ronacher",
                    "email": "armin.ronacher@active-4.com",
                    "role": "Project Founder"
                }
            ],
            "description": "Twig, the flexible, fast, and secure template language for PHP",
            "homepage": "https://twig.symfony.com",
            "keywords": [
                "templating"
            ],
            "support": {
                "issues": "https://github.com/twigphp/Twig/issues",
                "source": "https://github.com/twigphp/Twig/tree/1.x"
            },
            "time": "2020-02-11T05:59:23+00:00"
        }
    ],
    "packages-dev": [],
    "aliases": [],
    "minimum-stability": "stable",
    "stability-flags": [],
    "prefer-stable": false,
    "prefer-lowest": false,
    "platform": [],
    "platform-dev": [],
    "plugin-api-version": "2.3.0"
}
